
Microsoft Visual Studio Solution File, Format Version 12.00
# Visual Studio Version 17
VisualStudioVersion = 17.9.34902.65
MinimumVisualStudioVersion = 10.0.40219.1
Project("{2150E333-8FDC-42A3-9474-1A3956D46DE8}") = "Services", "Services", "{EE4015F5-7887-41FA-B1CA-810FCCD5FFB4}"
EndProject
Project("{2150E333-8FDC-42A3-9474-1A3956D46DE8}") = "Catalog", "Catalog", "{711502FA-8F63-4F5D-900E-E90C7B9AA4A5}"
EndProject
Project("{9A19103F-16F7-4668-BE54-9A1E7A4F7556}") = "Catalog.API", "Services\Catalog\Catalog.API\Catalog.API.csproj", "{5A273EB7-359C-47BC-A37E-3C461666F50C}"
EndProject
Project("{2150E333-8FDC-42A3-9474-1A3956D46DE8}") = "BuildingBlocks", "BuildingBlocks", "{18988389-6F5B-433C-B892-829958341821}"
EndProject
Project("{9A19103F-16F7-4668-BE54-9A1E7A4F7556}") = "BuildingBlocks", "BuildingBlocks\BuildingBlocks\BuildingBlocks.csproj", "{E656E5D5-526A-48BD-ACC3-806FDA97A4D4}"
EndProject
Project("{E53339B2-1760-4266-BCC7-CA923CBCF16C}") = "docker-compose", "docker-compose.dcproj", "{6E89FF5B-4555-4EA2-B792-E16518806798}"
EndProject
Project("{2150E333-8FDC-42A3-9474-1A3956D46DE8}") = "Basket", "Basket", "{3C89063A-17B3-47EA-BF39-62639C108783}"
EndProject
Project("{9A19103F-16F7-4668-BE54-9A1E7A4F7556}") = "Basket.API", "Services\Basket\Basket.API\Basket.API.csproj", "{77A4B2FE-5983-4ABE-8281-623D0446B772}"
EndProject
Project("{2150E333-8FDC-42A3-9474-1A3956D46DE8}") = "Discount", "Discount", "{7CEEAA21-89ED-42F9-9DE9-6C3CEA56BA64}"
EndProject
Project("{FAE04EC0-301F-11D3-BF4B-00C04F79EFBC}") = "Discount.Grpc", "Services\Discount\Discount.Grpc\Discount.Grpc.csproj", "{E442B072-1C0E-40FD-9C8D-95D1CBABD0D4}"
EndProject
Project("{2150E333-8FDC-42A3-9474-1A3956D46DE8}") = "Ordering", "Ordering", "{D9CC3E02-ED36-4F79-8CB1-E8181393321C}"
EndProject
Project("{FAE04EC0-301F-11D3-BF4B-00C04F79EFBC}") = "Ordering.API", "Services\Ordering\Ordering.API\Ordering.API.csproj", "{A118B767-D997-4126-B495-0D33731EF0E4}"
EndProject
Global
	GlobalSection(SolutionConfigurationPlatforms) = preSolution
		Debug|Any CPU = Debug|Any CPU
		Release|Any CPU = Release|Any CPU
	EndGlobalSection
	GlobalSection(ProjectConfigurationPlatforms) = postSolution
		{5A273EB7-359C-47BC-A37E-3C461666F50C}.Debug|Any CPU.ActiveCfg = Debug|Any CPU
		{5A273EB7-359C-47BC-A37E-3C461666F50C}.Debug|Any CPU.Build.0 = Debug|Any CPU
		{5A273EB7-359C-47BC-A37E-3C461666F50C}.Release|Any CPU.ActiveCfg = Release|Any CPU
		{5A273EB7-359C-47BC-A37E-3C461666F50C}.Release|Any CPU.Build.0 = Release|Any CPU
		{E656E5D5-526A-48BD-ACC3-806FDA97A4D4}.Debug|Any CPU.ActiveCfg = Debug|Any CPU
		{E656E5D5-526A-48BD-ACC3-806FDA97A4D4}.Debug|Any CPU.Build.0 = Debug|Any CPU
		{E656E5D5-526A-48BD-ACC3-806FDA97A4D4}.Release|Any CPU.ActiveCfg = Release|Any CPU
		{E656E5D5-526A-48BD-ACC3-806FDA97A4D4}.Release|Any CPU.Build.0 = Release|Any CPU
		{6E89FF5B-4555-4EA2-B792-E16518806798}.Debug|Any CPU.ActiveCfg = Debug|Any CPU
		{6E89FF5B-4555-4EA2-B792-E16518806798}.Debug|Any CPU.Build.0 = Debug|Any CPU
		{6E89FF5B-4555-4EA2-B792-E16518806798}.Release|Any CPU.ActiveCfg = Release|Any CPU
		{6E89FF5B-4555-4EA2-B792-E16518806798}.Release|Any CPU.Build.0 = Release|Any CPU
		{77A4B2FE-5983-4ABE-8281-623D0446B772}.Debug|Any CPU.ActiveCfg = Debug|Any CPU
		{77A4B2FE-5983-4ABE-8281-623D0446B772}.Debug|Any CPU.Build.0 = Debug|Any CPU
		{77A4B2FE-5983-4ABE-8281-623D0446B772}.Release|Any CPU.ActiveCfg = Release|Any CPU
		{77A4B2FE-5983-4ABE-8281-623D0446B772}.Release|Any CPU.Build.0 = Release|Any CPU
		{E442B072-1C0E-40FD-9C8D-95D1CBABD0D4}.Debug|Any CPU.ActiveCfg = Debug|Any CPU
		{E442B072-1C0E-40FD-9C8D-95D1CBABD0D4}.Debug|Any CPU.Build.0 = Debug|Any CPU
		{E442B072-1C0E-40FD-9C8D-95D1CBABD0D4}.Release|Any CPU.ActiveCfg = Release|Any CPU
		{E442B072-1C0E-40FD-9C8D-95D1CBABD0D4}.Release|Any CPU.Build.0 = Release|Any CPU
		{A118B767-D997-4126-B495-0D33731EF0E4}.Debug|Any CPU.ActiveCfg = Debug|Any CPU
		{A118B767-D997-4126-B495-0D33731EF0E4}.Debug|Any CPU.Build.0 = Debug|Any CPU
		{A118B767-D997-4126-B495-0D33731EF0E4}.Release|Any CPU.ActiveCfg = Release|Any CPU
		{A118B767-D997-4126-B495-0D33731EF0E4}.Release|Any CPU.Build.0 = Release|Any CPU
	EndGlobalSection
	GlobalSection(SolutionProperties) = preSolution
		HideSolutionNode = FALSE
	EndGlobalSection
	GlobalSection(NestedProjects) = preSolution
		{711502FA-8F63-4F5D-900E-E90C7B9AA4A5} = {EE4015F5-7887-41FA-B1CA-810FCCD5FFB4}
		{5A273EB7-359C-47BC-A37E-3C461666F50C} = {711502FA-8F63-4F5D-900E-E90C7B9AA4A5}
		{E656E5D5-526A-48BD-ACC3-806FDA97A4D4} = {18988389-6F5B-433C-B892-829958341821}
		{3C89063A-17B3-47EA-BF39-62639C108783} = {EE4015F5-7887-41FA-B1CA-810FCCD5FFB4}
		{77A4B2FE-5983-4ABE-8281-623D0446B772} = {3C89063A-17B3-47EA-BF39-62639C108783}
		{7CEEAA21-89ED-42F9-9DE9-6C3CEA56BA64} = {EE4015F5-7887-41FA-B1CA-810FCCD5FFB4}
		{E442B072-1C0E-40FD-9C8D-95D1CBABD0D4} = {7CEEAA21-89ED-42F9-9DE9-6C3CEA56BA64}
		{D9CC3E02-ED36-4F79-8CB1-E8181393321C} = {EE4015F5-7887-41FA-B1CA-810FCCD5FFB4}
		{A118B767-D997-4126-B495-0D33731EF0E4} = {D9CC3E02-ED36-4F79-8CB1-E8181393321C}
	EndGlobalSection
	GlobalSection(ExtensibilityGlobals) = postSolution
		SolutionGuid = {0FED15C5-1516-47E0-98E0-1B3224B6F819}
	EndGlobalSection
EndGlobal
